
Microsoft Visual Studio Solution File, Format Version 12.00
# Visual Studio Version 17
VisualStudioVersion = 17.8.34525.116
MinimumVisualStudioVersion = 10.0.40219.1
Project("{9A19103F-16F7-4668-BE54-9A1E7A4F7556}") = "API_institucion", "API_institucion\API_institucion.csproj", "{0A22F4A4-0041-49F1-AC87-D33B196C52F1}"
EndProject
Global
	GlobalSection(SolutionConfigurationPlatforms) = preSolution
		Debug|Any CPU = Debug|Any CPU
		Release|Any CPU = Release|Any CPU
	EndGlobalSection
	GlobalSection(ProjectConfigurationPlatforms) = postSolution
		{0A22F4A4-0041-49F1-AC87-D33B196C52F1}.Debug|Any CPU.ActiveCfg = Debug|Any CPU
		{0A22F4A4-0041-49F1-AC87-D33B196C52F1}.Debug|Any CPU.Build.0 = Debug|Any CPU
		{0A22F4A4-0041-49F1-AC87-D33B196C52F1}.Release|Any CPU.ActiveCfg = Release|Any CPU
		{0A22F4A4-0041-49F1-AC87-D33B196C52F1}.Release|Any CPU.Build.0 = Release|Any CPU
	EndGlobalSection
	GlobalSection(SolutionProperties) = preSolution
		HideSolutionNode = FALSE
	EndGlobalSection
	GlobalSection(ExtensibilityGlobals) = postSolution
		SolutionGuid = {8B2B230D-9665-43DB-8A11-FAB77617ED0E}
	EndGlobalSection
EndGlobal
